// !$*UTF8*$!
{
	archiveVersion = 1;
	classes = {
	};
	objectVersion = 48;
	objects = {

/* Begin PBXBuildFile section */
		95868677202671ED00BA5687 /* AppDelegate.swift in Sources */ = {isa = PBXBuildFile; fileRef = 95868676202671ED00BA5687 /* AppDelegate.swift */; };
		95868679202671ED00BA5687 /* ViewController.swift in Sources */ = {isa = PBXBuildFile; fileRef = 95868678202671ED00BA5687 /* ViewController.swift */; };
		9586867C202671ED00BA5687 /* Main.storyboard in Resources */ = {isa = PBXBuildFile; fileRef = 9586867A202671ED00BA5687 /* Main.storyboard */; };
		9586867F202671ED00BA5687 /* faceDetect.xcdatamodeld in Sources */ = {isa = PBXBuildFile; fileRef = 9586867D202671ED00BA5687 /* faceDetect.xcdatamodeld */; };
		95868681202671ED00BA5687 /* Assets.xcassets in Resources */ = {isa = PBXBuildFile; fileRef = 95868680202671ED00BA5687 /* Assets.xcassets */; };
		95868684202671ED00BA5687 /* LaunchScreen.storyboard in Resources */ = {isa = PBXBuildFile; fileRef = 95868682202671ED00BA5687 /* LaunchScreen.storyboard */; };
/* End PBXBuildFile section */

/* Begin PBXFileReference section */
		95868673202671ED00BA5687 /* faceDetect.app */ = {isa = PBXFileReference; explicitFileType = wrapper.application; includeInIndex = 0; path = faceDetect.app; sourceTree = BUILT_PRODUCTS_DIR; };
		95868676202671ED00BA5687 /* AppDelegate.swift */ = {isa = PBXFileReference; lastKnownFileType = sourcecode.swift; path = AppDelegate.swift; sourceTree = "<group>"; };
		95868678202671ED00BA5687 /* ViewController.swift */ = {isa = PBXFileReference; lastKnownFileType = sourcecode.swift; path = ViewController.swift; sourceTree = "<group>"; };
		9586867B202671ED00BA5687 /* Base */ = {isa = PBXFileReference; lastKnownFileType = file.storyboard; name = Base; path = Base.lproj/Main.storyboard; sourceTree = "<group>"; };
		9586867E202671ED00BA5687 /* faceDetect.xcdatamodel */ = {isa = PBXFileReference; lastKnownFileType = wrapper.xcdatamodel; path = faceDetect.xcdatamodel; sourceTree = "<group>"; };
		95868680202671ED00BA5687 /* Assets.xcassets */ = {isa = PBXFileReference; lastKnownFileType = folder.assetcatalog; path = Assets.xcassets; sourceTree = "<group>"; };
		95868683202671ED00BA5687 /* Base */ = {isa = PBXFileReference; lastKnownFileType = file.storyboard; name = Base; path = Base.lproj/LaunchScreen.storyboard; sourceTree = "<group>"; };
		95868685202671ED00BA5687 /* Info.plist */ = {isa = PBXFileReference; lastKnownFileType = text.plist.xml; path = Info.plist; sourceTree = "<group>"; };
/* End PBXFileReference section */

/* Begin PBXFrameworksBuildPhase section */
		95868670202671ED00BA5687 /* Frameworks */ = {
			isa = PBXFrameworksBuildPhase;
			buildActionMask = 2147483647;
			files = (
			);
			runOnlyForDeploymentPostprocessing = 0;
		};
/* End PBXFrameworksBuildPhase section */

/* Begin PBXGroup section */
		9586866A202671ED00BA5687 = {
			isa = PBXGroup;
			children = (
				95868675202671ED00BA5687 /* faceDetect */,
				95868674202671ED00BA5687 /* Products */,
			);
			sourceTree = "<group>";
		};
		95868674202671ED00BA5687 /* Products */ = {
			isa = PBXGroup;
			children = (
				95868673202671ED00BA5687 /* faceDetect.app */,
			);
			name = Products;
			sourceTree = "<group>";
		};
		95868675202671ED00BA5687 /* faceDetect */ = {
			isa = PBXGroup;
			children = (
				95868676202671ED00BA5687 /* AppDelegate.swift */,
				95868678202671ED00BA5687 /* ViewController.swift */,
				9586867A202671ED00BA5687 /* Main.storyboard */,
				95868680202671ED00BA5687 /* Assets.xcassets */,
				95868682202671ED00BA5687 /* LaunchScreen.storyboard */,
				95868685202671ED00BA5687 /* Info.plist */,
				9586867D202671ED00BA5687 /* faceDetect.xcdatamodeld */,
			);
			path = faceDetect;
			sourceTree = "<group>";
		};
/* End PBXGroup section */

/* Begin PBXNativeTarget section */
		95868672202671ED00BA5687 /* faceDetect */ = {
			isa = PBXNativeTarget;
			buildConfigurationList = 95868688202671ED00BA5687 /* Build configuration list for PBXNativeTarget "faceDetect" */;
			buildPhases = (
				9586866F202671ED00BA5687 /* Sources */,
				95868670202671ED00BA5687 /* Frameworks */,
				95868671202671ED00BA5687 /* Resources */,
			);
			buildRules = (
			);
			dependencies = (
			);
			name = faceDetect;
			productName = faceDetect;
			productReference = 95868673202671ED00BA5687 /* faceDetect.app */;
			productType = "com.apple.product-type.application";
		};
/* End PBXNativeTarget section */

/* Begin PBXProject section */
		9586866B202671ED00BA5687 /* Project object */ = {
			isa = PBXProject;
			attributes = {
				LastSwiftUpdateCheck = 0920;
				LastUpgradeCheck = 0920;
				ORGANIZATIONNAME = "Yağız Gazibaba";
				TargetAttributes = {
					95868672202671ED00BA5687 = {
						CreatedOnToolsVersion = 9.2;
						ProvisioningStyle = Automatic;
					};
				};
			};
			buildConfigurationList = 9586866E202671ED00BA5687 /* Build configuration list for PBXProject "faceDetect" */;
			compatibilityVersion = "Xcode 8.0";
			developmentRegion = en;
			hasScannedForEncodings = 0;
			knownRegions = (
				en,
				Base,
			);
			mainGroup = 9586866A202671ED00BA5687;
			productRefGroup = 95868674202671ED00BA5687 /* Products */;
			projectDirPath = "";
			projectRoot = "";
			targets = (
				95868672202671ED00BA5687 /* faceDetect */,
			);
		};
/* End PBXProject section */

/* Begin PBXResourcesBuildPhase section */
		95868671202671ED00BA5687 /* Resources */ = {
			isa = PBXResourcesBuildPhase;
			buildActionMask = 2147483647;
			files = (
				95868684202671ED00BA5687 /* LaunchScreen.storyboard in Resources */,
				95868681202671ED00BA5687 /* Assets.xcassets in Resources */,
				9586867C202671ED00BA5687 /* Main.storyboard in Resources */,
			);
			runOnlyForDeploymentPostprocessing = 0;
		};
/* End PBXResourcesBuildPhase section */

/* Begin PBXSourcesBuildPhase section */
		9586866F202671ED00BA5687 /* Sources */ = {
			isa = PBXSourcesBuildPhase;
			buildActionMask = 2147483647;
			files = (
				95868679202671ED00BA5687 /* ViewController.swift in Sources */,
				9586867F202671ED00BA5687 /* faceDetect.xcdatamodeld in Sources */,
				95868677202671ED00BA5687 /* AppDelegate.swift in Sources */,
			);
			runOnlyForDeploymentPostprocessing = 0;
		};
/* End PBXSourcesBuildPhase section */

/* Begin PBXVariantGroup section */
		9586867A202671ED00BA5687 /* Main.storyboard */ = {
			isa = PBXVariantGroup;
			children = (
				9586867B202671ED00BA5687 /* Base */,
			);
			name = Main.storyboard;
			sourceTree = "<group>";
		};
		95868682202671ED00BA5687 /* LaunchScreen.storyboard */ = {
			isa = PBXVariantGroup;
			children = (
				95868683202671ED00BA5687 /* Base */,
			);
			name = LaunchScreen.storyboard;
			sourceTree = "<group>";
		};
/* End PBXVariantGroup section */

/* Begin XCBuildConfiguration section */
		95868686202671ED00BA5687 /* Debug */ = {
			isa = XCBuildConfiguration;
			buildSettings = {
				ALWAYS_SEARCH_USER_PATHS = NO;
				CLANG_ANALYZER_NONNULL = YES;
				CLANG_ANALYZER_NUMBER_OBJECT_CONVERSION = YES_AGGRESSIVE;
				CLANG_CXX_LANGUAGE_STANDARD = "gnu++14";
				CLANG_CXX_LIBRARY = "libc++";
				CLANG_ENABLE_MODULES = YES;
				CLANG_ENABLE_OBJC_ARC = YES;
				CLANG_WARN_BLOCK_CAPTURE_AUTORELEASING = YES;
				CLANG_WARN_BOOL_CONVERSION = YES;
				CLANG_WARN_COMMA = YES;
				CLANG_WARN_CONSTANT_CONVERSION = YES;
				CLANG_WARN_DIRECT_OBJC_ISA_USAGE = YES_ERROR;
				CLANG_WARN_DOCUMENTATION_COMMENTS = YES;
				CLANG_WARN_EMPTY_BODY = YES;
				CLANG_WARN_ENUM_CONVERSION = YES;
				CLANG_WARN_INFINITE_RECURSION = YES;
				CLANG_WARN_INT_CONVERSION = YES;
				CLANG_WARN_NON_LITERAL_NULL_CONVERSION = YES;
				CLANG_WARN_OBJC_LITERAL_CONVERSION = YES;
				CLANG_WARN_OBJC_ROOT_CLASS = YES_ERROR;
				CLANG_WARN_RANGE_LOOP_ANALYSIS = YES;
				CLANG_WARN_STRICT_PROTOTYPES = YES;
				CLANG_WARN_SUSPICIOUS_MOVE = YES;
				CLANG_WARN_UNGUARDED_AVAILABILITY = YES_AGGRESSIVE;
				CLANG_WARN_UNREACHABLE_CODE = YES;
				CLANG_WARN__DUPLICATE_METHOD_MATCH = YES;
				CODE_SIGN_IDENTITY = "iPhone Developer";
				COPY_PHASE_STRIP = NO;
				DEBUG_INFORMATION_FORMAT = dwarf;
				ENABLE_STRICT_OBJC_MSGSEND = YES;
				ENABLE_TESTABILITY = YES;
				GCC_C_LANGUAGE_STANDARD = gnu11;
				GCC_DYNAMIC_NO_PIC = NO;
				GCC_NO_COMMON_BLOCKS = YES;
				GCC_OPTIMIZATION_LEVEL = 0;
				GCC_PREPROCESSOR_DEFINITIONS = (
					"DEBUG=1",
					"$(inherited)",
				);
				GCC_WARN_64_TO_32_BIT_CONVERSION = YES;
				GCC_WARN_ABOUT_RETURN_TYPE = YES_ERROR;
				GCC_WARN_UNDECLARED_SELECTOR = YES;
				GCC_WARN_UNINITIALIZED_AUTOS = YES_AGGRESSIVE;
				GCC_WARN_UNUSED_FUNCTION = YES;
				GCC_WARN_UNUSED_VARIABLE = YES;
				IPHONEOS_DEPLOYMENT_TARGET = 11.2;
				MTL_ENABLE_DEBUG_INFO = YES;
				ONLY_ACTIVE_ARCH = YES;
				SDKROOT = iphoneos;
				SWIFT_ACTIVE_COMPILATION_CONDITIONS = DEBUG;
				SWIFT_OPTIMIZATION_LEVEL = "-Onone";
			};
			name = Debug;
		};
		95868687202671ED00BA5687 /* Release */ = {
			isa = XCBuildConfiguration;
			buildSettings = {
				ALWAYS_SEARCH_USER_PATHS = NO;
				CLANG_ANALYZER_NONNULL = YES;
				CLANG_ANALYZER_NUMBER_OBJECT_CONVERSION = YES_AGGRESSIVE;
				CLANG_CXX_LANGUAGE_STANDARD = "gnu++14";
				CLANG_CXX_LIBRARY = "libc++";
				CLANG_ENABLE_MODULES = YES;
				CLANG_ENABLE_OBJC_ARC = YES;
				CLANG_WARN_BLOCK_CAPTURE_AUTORELEASING = YES;
				CLANG_WARN_BOOL_CONVERSION = YES;
				CLANG_WARN_COMMA = YES;
				CLANG_WARN_CONSTANT_CONVERSION = YES;
				CLANG_WARN_DIRECT_OBJC_ISA_USAGE = YES_ERROR;
				CLANG_WARN_DOCUMENTATION_COMMENTS = YES;
				CLANG_WARN_EMPTY_BODY = YES;
				CLANG_WARN_ENUM_CONVERSION = YES;
				CLANG_WARN_INFINITE_RECURSION = YES;
				CLANG_WARN_INT_CONVERSION = YES;
				CLANG_WARN_NON_LITERAL_NULL_CONVERSION = YES;
				CLANG_WARN_OBJC_LITERAL_CONVERSION = YES;
				CLANG_WARN_OBJC_ROOT_CLASS = YES_ERROR;
				CLANG_WARN_RANGE_LOOP_ANALYSIS = YES;
				CLANG_WARN_STRICT_PROTOTYPES = YES;
				CLANG_WARN_SUSPICIOUS_MOVE = YES;
				CLANG_WARN_UNGUARDED_AVAILABILITY = YES_AGGRESSIVE;
				CLANG_WARN_UNREACHABLE_CODE = YES;
				CLANG_WARN__DUPLICATE_METHOD_MATCH = YES;
				CODE_SIGN_IDENTITY = "iPhone Developer";
				COPY_PHASE_STRIP = NO;
				DEBUG_INFORMATION_FORMAT = "dwarf-with-dsym";
				ENABLE_NS_ASSERTIONS = NO;
				ENABLE_STRICT_OBJC_MSGSEND = YES;
				GCC_C_LANGUAGE_STANDARD = gnu11;
				GCC_NO_COMMON_BLOCKS = YES;
				GCC_WARN_64_TO_32_BIT_CONVERSION = YES;
				GCC_WARN_ABOUT_RETURN_TYPE = YES_ERROR;
				GCC_WARN_UNDECLARED_SELECTOR = YES;
				GCC_WARN_UNINITIALIZED_AUTOS = YES_AGGRESSIVE;
				GCC_WARN_UNUSED_FUNCTION = YES;
				GCC_WARN_UNUSED_VARIABLE = YES;
				IPHONEOS_DEPLOYMENT_TARGET = 11.2;
				MTL_ENABLE_DEBUG_INFO = NO;
				SDKROOT = iphoneos;
				SWIFT_OPTIMIZATION_LEVEL = "-Owholemodule";
				VALIDATE_PRODUCT = YES;
			};
			name = Release;
		};
		95868689202671ED00BA5687 /* Debug */ = {
			isa = XCBuildConfiguration;
			buildSettings = {
				ASSETCATALOG_COMPILER_APPICON_NAME = AppIcon;
				CODE_SIGN_STYLE = Automatic;
				DEVELOPMENT_TEAM = L5C29BBQL3;
				INFOPLIST_FILE = faceDetect/Info.plist;
				LD_RUNPATH_SEARCH_PATHS = "$(inherited) @executable_path/Frameworks";
				PRODUCT_BUNDLE_IDENTIFIER = "Student-identifier.faceDetect";
				PRODUCT_NAME = "$(TARGET_NAME)";
				SWIFT_VERSION = 4.0;
				TARGETED_DEVICE_FAMILY = "1,2";
			};
			name = Debug;
		};
		9586868A202671ED00BA5687 /* Release */ = {
			isa = XCBuildConfiguration;
			buildSettings = {
				ASSETCATALOG_COMPILER_APPICON_NAME = AppIcon;
				CODE_SIGN_STYLE = Automatic;
				DEVELOPMENT_TEAM = L5C29BBQL3;
				INFOPLIST_FILE = faceDetect/Info.plist;
				LD_RUNPATH_SEARCH_PATHS = "$(inherited) @executable_path/Frameworks";
				PRODUCT_BUNDLE_IDENTIFIER = "Student-identifier.faceDetect";
				PRODUCT_NAME = "$(TARGET_NAME)";
				SWIFT_VERSION = 4.0;
				TARGETED_DEVICE_FAMILY = "1,2";
			};
			name = Release;
		};
/* End XCBuildConfiguration section */

/* Begin XCConfigurationList section */
		9586866E202671ED00BA5687 /* Build configuration list for PBXProject "faceDetect" */ = {
			isa = XCConfigurationList;
			buildConfigurations = (
				95868686202671ED00BA5687 /* Debug */,
				95868687202671ED00BA5687 /* Release */,
			);
			defaultConfigurationIsVisible = 0;
			defaultConfigurationName = Release;
		};
		95868688202671ED00BA5687 /* Build configuration list for PBXNativeTarget "faceDetect" */ = {
			isa = XCConfigurationList;
			buildConfigurations = (
				95868689202671ED00BA5687 /* Debug */,
				9586868A202671ED00BA5687 /* Release */,
			);
			defaultConfigurationIsVisible = 0;
			defaultConfigurationName = Release;
		};
/* End XCConfigurationList section */

/* Begin XCVersionGroup section */
		9586867D202671ED00BA5687 /* faceDetect.xcdatamodeld */ = {
			isa = XCVersionGroup;
			children = (
				9586867E202671ED00BA5687 /* faceDetect.xcdatamodel */,
			);
			currentVersion = 9586867E202671ED00BA5687 /* faceDetect.xcdatamodel */;
			path = faceDetect.xcdatamodeld;
			sourceTree = "<group>";
			versionGroupType = wrapper.xcdatamodel;
		};
/* End XCVersionGroup section */
	};
	rootObject = 9586866B202671ED00BA5687 /* Project object */;
}
